
Microsoft Visual Studio Solution File, Format Version 12.00
# Visual Studio 2012
Project("{FAE04EC0-301F-11D3-BF4B-00C04F79EFBC}") = "Pi_Nth_Digit", "Pi_Nth_Digit\Pi_Nth_Digit.csproj", "{B3202DE2-13F3-4486-9468-D5CAAF81016B}"
EndProject
Global
	GlobalSection(SolutionConfigurationPlatforms) = preSolution
		Debug|Any CPU = Debug|Any CPU
		Release|Any CPU = Release|Any CPU
	EndGlobalSection
	GlobalSection(ProjectConfigurationPlatforms) = postSolution
		{B3202DE2-13F3-4486-9468-D5CAAF81016B}.Debug|Any CPU.ActiveCfg = Debug|Any CPU
		{B3202DE2-13F3-4486-9468-D5CAAF81016B}.Debug|Any CPU.Build.0 = Debug|Any CPU
		{B3202DE2-13F3-4486-9468-D5CAAF81016B}.Release|Any CPU.ActiveCfg = Release|Any CPU
		{B3202DE2-13F3-4486-9468-D5CAAF81016B}.Release|Any CPU.Build.0 = Release|Any CPU
	EndGlobalSection
EndGlobal
